lockfileVersion: '9.0'

settings:
  autoInstallPeers: true
  excludeLinksFromLockfile: false

importers:

  .:
    dependencies:
      diff:
        specifier: ^5.1.0
        version: 5.2.0
    devDependencies:
      '@types/diff':
        specifier: ^5.2.3
        version: 5.2.3

packages:

  '@types/diff@5.2.3':
    resolution: {integrity: sha512-K0Oqlrq3kQMaO2RhfrNQX5trmt+XLyom88zS0u84nnIcLvFnRUMRRHmrGny5GSM+kNO9IZLARsdQHDzkhAgmrQ==}

  diff@5.2.0:
    resolution: {integrity: sha512-uIFDxqpRZGZ6ThOk84hEfqWoHx2devRFvpTZcTHur85vImfaxUbTW9Ryh4CpCuDnToOP1CEtXKIgytHBPVff5A==}
    engines: {node: '>=0.3.1'}

snapshots:

  '@types/diff@5.2.3': {}

  diff@5.2.0: {}
